
Microsoft Visual Studio Solution File, Format Version 12.00
# Visual Studio Version 17
VisualStudioVersion = 17.6.33829.357
MinimumVisualStudioVersion = 10.0.40219.1
Project("{FAE04EC0-301F-11D3-BF4B-00C04F79EFBC}") = "DataStructures", "DataStructures\DataStructures.csproj", "{B88C145D-4FEA-432C-94BF-023E22284A39}"
EndProject
Global
	GlobalSection(SolutionConfigurationPlatforms) = preSolution
		Debug|Any CPU = Debug|Any CPU
		Release|Any CPU = Release|Any CPU
	EndGlobalSection
	GlobalSection(ProjectConfigurationPlatforms) = postSolution
		{B88C145D-4FEA-432C-94BF-023E22284A39}.Debug|Any CPU.ActiveCfg = Debug|Any CPU
		{B88C145D-4FEA-432C-94BF-023E22284A39}.Debug|Any CPU.Build.0 = Debug|Any CPU
		{B88C145D-4FEA-432C-94BF-023E22284A39}.Release|Any CPU.ActiveCfg = Release|Any CPU
		{B88C145D-4FEA-432C-94BF-023E22284A39}.Release|Any CPU.Build.0 = Release|Any CPU
	EndGlobalSection
	GlobalSection(SolutionProperties) = preSolution
		HideSolutionNode = FALSE
	EndGlobalSection
	GlobalSection(ExtensibilityGlobals) = postSolution
		SolutionGuid = {41D04679-C110-4630-96E6-0281D5E91743}
	EndGlobalSection
EndGlobal
